
Microsoft Visual Studio Solution File, Format Version 12.00
# Visual Studio Version 16
VisualStudioVersion = 16.0.31321.278
MinimumVisualStudioVersion = 10.0.40219.1
Project("{9A19103F-16F7-4668-BE54-9A1E7A4F7556}") = "CommunityCatalog", "Services\CommunityCatalog\CommunityCatalog\CommunityCatalog.csproj", "{7F3A0DC1-36EC-422F-94F8-ED900A47206E}"
EndProject
Project("{9A19103F-16F7-4668-BE54-9A1E7A4F7556}") = "CommunityCatalog.Core", "Services\CommunityCatalog\CommunityCatalog.Core\CommunityCatalog.Core.csproj", "{BE43FCCA-7D85-4EF1-9DF7-A0399DD34C22}"
EndProject
Project("{9A19103F-16F7-4668-BE54-9A1E7A4F7556}") = "CommunityCatalog.Infrastructure", "Services\CommunityCatalog\CommunityCatalog.Infrastructure\CommunityCatalog.Infrastructure.csproj", "{4210FCE1-0AD1-4B36-803C-E0D616EE0990}"
EndProject
Project("{9A19103F-16F7-4668-BE54-9A1E7A4F7556}") = "ProductIndexCLI", "Tools\ProductIndexCLI\ProductIndexCLI.csproj", "{8FD1C76D-5906-428F-84B2-6411331F3A20}"
EndProject
Project("{2150E333-8FDC-42A3-9474-1A3956D46DE8}") = "Tools", "Tools", "{4CF80C5B-BD80-4A72-A589-1449FD24AF64}"
EndProject
Project("{2150E333-8FDC-42A3-9474-1A3956D46DE8}") = "CommunityCatalog", "CommunityCatalog", "{02D57F6C-FB2C-4315-90BB-049C78566D81}"
EndProject
Project("{9A19103F-16F7-4668-BE54-9A1E7A4F7556}") = "MyNutritionComrade.Models", "MyNutritionComrade.Models\MyNutritionComrade.Models.csproj", "{D48B4074-1745-410B-8629-E04436051334}"
EndProject
Project("{9A19103F-16F7-4668-BE54-9A1E7A4F7556}") = "CommunityCatalog.Core.Tests", "Services\CommunityCatalog\CommunityCatalog.Core.Tests\CommunityCatalog.Core.Tests.csproj", "{EFC03F98-06DE-4626-A633-C1B12C2B7770}"
EndProject
Project("{2150E333-8FDC-42A3-9474-1A3956D46DE8}") = "Tests", "Tests", "{D723B21F-6748-4FCF-A122-695039824E6F}"
EndProject
Project("{9A19103F-16F7-4668-BE54-9A1E7A4F7556}") = "CommunityCatalog.IntegrationTests", "Services\CommunityCatalog\CommunityCatalog.IntegrationTests\CommunityCatalog.IntegrationTests.csproj", "{2115F2D8-BADE-490E-A84D-EAAF8491C57B}"
EndProject
Project("{2150E333-8FDC-42A3-9474-1A3956D46DE8}") = "Libs", "Libs", "{8A88C547-5FDB-4EFD-8400-52CC2280906E}"
EndProject
Project("{9A19103F-16F7-4668-BE54-9A1E7A4F7556}") = "JsonPatchGenerator", "Libs\JsonPatchGenerator\JsonPatchGenerator.csproj", "{42F2C652-FA76-4C09-AF4F-3941654AF020}"
EndProject
Project("{9A19103F-16F7-4668-BE54-9A1E7A4F7556}") = "JsonPatchGenerator.Tests", "Libs\JsonPatchGenerator.Tests\JsonPatchGenerator.Tests.csproj", "{7E438462-9722-46D4-8793-59FC096AAA60}"
EndProject
Project("{2150E333-8FDC-42A3-9474-1A3956D46DE8}") = "Extractors", "Extractors", "{1B1ADE81-6C8C-43BF-8AEB-B771AD7B7759}"
EndProject
Project("{FAE04EC0-301F-11D3-BF4B-00C04F79EFBC}") = "ExtractorCLI", "Extractors\ExtractorCLI\ExtractorCLI.csproj", "{98C7B659-0F10-42E0-9491-1C75F07AAF38}"
EndProject
Project("{FAE04EC0-301F-11D3-BF4B-00C04F79EFBC}") = "Extractor.Interface", "Extractors\Extractor.Interface\Extractor.Interface.csproj", "{530C13F9-3DF6-4DE3-9E3D-FC9123C61622}"
EndProject
Project("{2150E333-8FDC-42A3-9474-1A3956D46DE8}") = "Sites", "Sites", "{45A549B4-4DF3-4873-996A-B3CEBBD97E22}"
EndProject
Project("{FAE04EC0-301F-11D3-BF4B-00C04F79EFBC}") = "Extractors.McDonalds", "Extractors\Sites\Extractors.McDonalds\Extractors.McDonalds.csproj", "{445678DA-66C5-4EF8-A6F4-8A14B59684C8}"
EndProject
Global
	GlobalSection(SolutionConfigurationPlatforms) = preSolution
		Debug|Any CPU = Debug|Any CPU
		Release|Any CPU = Release|Any CPU
	EndGlobalSection
	GlobalSection(ProjectConfigurationPlatforms) = postSolution
		{7F3A0DC1-36EC-422F-94F8-ED900A47206E}.Debug|Any CPU.ActiveCfg = Debug|Any CPU
		{7F3A0DC1-36EC-422F-94F8-ED900A47206E}.Debug|Any CPU.Build.0 = Debug|Any CPU
		{7F3A0DC1-36EC-422F-94F8-ED900A47206E}.Release|Any CPU.ActiveCfg = Release|Any CPU
		{7F3A0DC1-36EC-422F-94F8-ED900A47206E}.Release|Any CPU.Build.0 = Release|Any CPU
		{BE43FCCA-7D85-4EF1-9DF7-A0399DD34C22}.Debug|Any CPU.ActiveCfg = Debug|Any CPU
		{BE43FCCA-7D85-4EF1-9DF7-A0399DD34C22}.Debug|Any CPU.Build.0 = Debug|Any CPU
		{BE43FCCA-7D85-4EF1-9DF7-A0399DD34C22}.Release|Any CPU.ActiveCfg = Release|Any CPU
		{BE43FCCA-7D85-4EF1-9DF7-A0399DD34C22}.Release|Any CPU.Build.0 = Release|Any CPU
		{4210FCE1-0AD1-4B36-803C-E0D616EE0990}.Debug|Any CPU.ActiveCfg = Debug|Any CPU
		{4210FCE1-0AD1-4B36-803C-E0D616EE0990}.Debug|Any CPU.Build.0 = Debug|Any CPU
		{4210FCE1-0AD1-4B36-803C-E0D616EE0990}.Release|Any CPU.ActiveCfg = Release|Any CPU
		{4210FCE1-0AD1-4B36-803C-E0D616EE0990}.Release|Any CPU.Build.0 = Release|Any CPU
		{8FD1C76D-5906-428F-84B2-6411331F3A20}.Debug|Any CPU.ActiveCfg = Debug|Any CPU
		{8FD1C76D-5906-428F-84B2-6411331F3A20}.Debug|Any CPU.Build.0 = Debug|Any CPU
		{8FD1C76D-5906-428F-84B2-6411331F3A20}.Release|Any CPU.ActiveCfg = Release|Any CPU
		{8FD1C76D-5906-428F-84B2-6411331F3A20}.Release|Any CPU.Build.0 = Release|Any CPU
		{D48B4074-1745-410B-8629-E04436051334}.Debug|Any CPU.ActiveCfg = Debug|Any CPU
		{D48B4074-1745-410B-8629-E04436051334}.Debug|Any CPU.Build.0 = Debug|Any CPU
		{D48B4074-1745-410B-8629-E04436051334}.Release|Any CPU.ActiveCfg = Release|Any CPU
		{D48B4074-1745-410B-8629-E04436051334}.Release|Any CPU.Build.0 = Release|Any CPU
		{EFC03F98-06DE-4626-A633-C1B12C2B7770}.Debug|Any CPU.ActiveCfg = Debug|Any CPU
		{EFC03F98-06DE-4626-A633-C1B12C2B7770}.Debug|Any CPU.Build.0 = Debug|Any CPU
		{EFC03F98-06DE-4626-A633-C1B12C2B7770}.Release|Any CPU.ActiveCfg = Release|Any CPU
		{EFC03F98-06DE-4626-A633-C1B12C2B7770}.Release|Any CPU.Build.0 = Release|Any CPU
		{2115F2D8-BADE-490E-A84D-EAAF8491C57B}.Debug|Any CPU.ActiveCfg = Debug|Any CPU
		{2115F2D8-BADE-490E-A84D-EAAF8491C57B}.Debug|Any CPU.Build.0 = Debug|Any CPU
		{2115F2D8-BADE-490E-A84D-EAAF8491C57B}.Release|Any CPU.ActiveCfg = Release|Any CPU
		{2115F2D8-BADE-490E-A84D-EAAF8491C57B}.Release|Any CPU.Build.0 = Release|Any CPU
		{42F2C652-FA76-4C09-AF4F-3941654AF020}.Debug|Any CPU.ActiveCfg = Debug|Any CPU
		{42F2C652-FA76-4C09-AF4F-3941654AF020}.Debug|Any CPU.Build.0 = Debug|Any CPU
		{42F2C652-FA76-4C09-AF4F-3941654AF020}.Release|Any CPU.ActiveCfg = Release|Any CPU
		{42F2C652-FA76-4C09-AF4F-3941654AF020}.Release|Any CPU.Build.0 = Release|Any CPU
		{7E438462-9722-46D4-8793-59FC096AAA60}.Debug|Any CPU.ActiveCfg = Debug|Any CPU
		{7E438462-9722-46D4-8793-59FC096AAA60}.Debug|Any CPU.Build.0 = Debug|Any CPU
		{7E438462-9722-46D4-8793-59FC096AAA60}.Release|Any CPU.ActiveCfg = Release|Any CPU
		{7E438462-9722-46D4-8793-59FC096AAA60}.Release|Any CPU.Build.0 = Release|Any CPU
		{98C7B659-0F10-42E0-9491-1C75F07AAF38}.Debug|Any CPU.ActiveCfg = Debug|Any CPU
		{98C7B659-0F10-42E0-9491-1C75F07AAF38}.Debug|Any CPU.Build.0 = Debug|Any CPU
		{98C7B659-0F10-42E0-9491-1C75F07AAF38}.Release|Any CPU.ActiveCfg = Release|Any CPU
		{98C7B659-0F10-42E0-9491-1C75F07AAF38}.Release|Any CPU.Build.0 = Release|Any CPU
		{530C13F9-3DF6-4DE3-9E3D-FC9123C61622}.Debug|Any CPU.ActiveCfg = Debug|Any CPU
		{530C13F9-3DF6-4DE3-9E3D-FC9123C61622}.Debug|Any CPU.Build.0 = Debug|Any CPU
		{530C13F9-3DF6-4DE3-9E3D-FC9123C61622}.Release|Any CPU.ActiveCfg = Release|Any CPU
		{530C13F9-3DF6-4DE3-9E3D-FC9123C61622}.Release|Any CPU.Build.0 = Release|Any CPU
		{445678DA-66C5-4EF8-A6F4-8A14B59684C8}.Debug|Any CPU.ActiveCfg = Debug|Any CPU
		{445678DA-66C5-4EF8-A6F4-8A14B59684C8}.Debug|Any CPU.Build.0 = Debug|Any CPU
		{445678DA-66C5-4EF8-A6F4-8A14B59684C8}.Release|Any CPU.ActiveCfg = Release|Any CPU
		{445678DA-66C5-4EF8-A6F4-8A14B59684C8}.Release|Any CPU.Build.0 = Release|Any CPU
	EndGlobalSection
	GlobalSection(SolutionProperties) = preSolution
		HideSolutionNode = FALSE
	EndGlobalSection
	GlobalSection(NestedProjects) = preSolution
		{7F3A0DC1-36EC-422F-94F8-ED900A47206E} = {02D57F6C-FB2C-4315-90BB-049C78566D81}
		{BE43FCCA-7D85-4EF1-9DF7-A0399DD34C22} = {02D57F6C-FB2C-4315-90BB-049C78566D81}
		{4210FCE1-0AD1-4B36-803C-E0D616EE0990} = {02D57F6C-FB2C-4315-90BB-049C78566D81}
		{8FD1C76D-5906-428F-84B2-6411331F3A20} = {4CF80C5B-BD80-4A72-A589-1449FD24AF64}
		{EFC03F98-06DE-4626-A633-C1B12C2B7770} = {D723B21F-6748-4FCF-A122-695039824E6F}
		{D723B21F-6748-4FCF-A122-695039824E6F} = {02D57F6C-FB2C-4315-90BB-049C78566D81}
		{2115F2D8-BADE-490E-A84D-EAAF8491C57B} = {D723B21F-6748-4FCF-A122-695039824E6F}
		{42F2C652-FA76-4C09-AF4F-3941654AF020} = {8A88C547-5FDB-4EFD-8400-52CC2280906E}
		{7E438462-9722-46D4-8793-59FC096AAA60} = {8A88C547-5FDB-4EFD-8400-52CC2280906E}
		{98C7B659-0F10-42E0-9491-1C75F07AAF38} = {1B1ADE81-6C8C-43BF-8AEB-B771AD7B7759}
		{530C13F9-3DF6-4DE3-9E3D-FC9123C61622} = {1B1ADE81-6C8C-43BF-8AEB-B771AD7B7759}
		{45A549B4-4DF3-4873-996A-B3CEBBD97E22} = {1B1ADE81-6C8C-43BF-8AEB-B771AD7B7759}
		{445678DA-66C5-4EF8-A6F4-8A14B59684C8} = {45A549B4-4DF3-4873-996A-B3CEBBD97E22}
	EndGlobalSection
	GlobalSection(ExtensibilityGlobals) = postSolution
		SolutionGuid = {76946265-DE25-4672-8271-FEC26800F73E}
	EndGlobalSection
EndGlobal
